
Microsoft Visual Studio Solution File, Format Version 12.00
# Visual Studio Version 17
VisualStudioVersion = 17.11.35312.102
MinimumVisualStudioVersion = 10.0.40219.1
Project("{FAE04EC0-301F-11D3-BF4B-00C04F79EFBC}") = "Shed", "Shed.csproj", "{510D9497-4117-4635-BA10-A7810F17FC77}"
EndProject
Global
	GlobalSection(SolutionConfigurationPlatforms) = preSolution
		Debug|Any CPU = Debug|Any CPU
		Release|Any CPU = Release|Any CPU
	EndGlobalSection
	GlobalSection(ProjectConfigurationPlatforms) = postSolution
		{510D9497-4117-4635-BA10-A7810F17FC77}.Debug|Any CPU.ActiveCfg = Debug|Any CPU
		{510D9497-4117-4635-BA10-A7810F17FC77}.Debug|Any CPU.Build.0 = Debug|Any CPU
		{510D9497-4117-4635-BA10-A7810F17FC77}.Release|Any CPU.ActiveCfg = Release|Any CPU
		{510D9497-4117-4635-BA10-A7810F17FC77}.Release|Any CPU.Build.0 = Release|Any CPU
	EndGlobalSection
	GlobalSection(SolutionProperties) = preSolution
		HideSolutionNode = FALSE
	EndGlobalSection
	GlobalSection(ExtensibilityGlobals) = postSolution
		SolutionGuid = {FE0331C0-C906-49BB-B572-C808E20FD94B}
	EndGlobalSection
EndGlobal
